
Microsoft Visual Studio Solution File, Format Version 12.00
# Visual Studio 15
Project("{FAE04EC0-301F-11D3-BF4B-00C04F79EFBC}") = "Assembly-CSharp-firstpass", "Assembly-CSharp-firstpass.csproj", "{A255A9EB-5D19-26A2-2DAE-F2AED78A1314}"
EndProject
Project("{FAE04EC0-301F-11D3-BF4B-00C04F79EFBC}") = "Assembly-CSharp", "Assembly-CSharp.csproj", "{CD08ADA5-0456-35EE-364B-1B0A3FB8A60A}"
EndProject
Project("{FAE04EC0-301F-11D3-BF4B-00C04F79EFBC}") = "Assembly-CSharp-Editor-firstpass", "Assembly-CSharp-Editor-firstpass.csproj", "{DF2874BA-029F-F11F-E32D-8A0901FA35B2}"
EndProject
Global
	GlobalSection(SolutionConfigurationPlatforms) = preSolution
		Debug|Any CPU = Debug|Any CPU
		Release|Any CPU = Release|Any CPU
	EndGlobalSection
	GlobalSection(ProjectConfigurationPlatforms) = postSolution
		{A255A9EB-5D19-26A2-2DAE-F2AED78A1314}.Debug|Any CPU.ActiveCfg = Debug|Any CPU
		{A255A9EB-5D19-26A2-2DAE-F2AED78A1314}.Debug|Any CPU.Build.0 = Debug|Any CPU
		{A255A9EB-5D19-26A2-2DAE-F2AED78A1314}.Release|Any CPU.ActiveCfg = Release|Any CPU
		{A255A9EB-5D19-26A2-2DAE-F2AED78A1314}.Release|Any CPU.Build.0 = Release|Any CPU
		{CD08ADA5-0456-35EE-364B-1B0A3FB8A60A}.Debug|Any CPU.ActiveCfg = Debug|Any CPU
		{CD08ADA5-0456-35EE-364B-1B0A3FB8A60A}.Debug|Any CPU.Build.0 = Debug|Any CPU
		{CD08ADA5-0456-35EE-364B-1B0A3FB8A60A}.Release|Any CPU.ActiveCfg = Release|Any CPU
		{CD08ADA5-0456-35EE-364B-1B0A3FB8A60A}.Release|Any CPU.Build.0 = Release|Any CPU
		{DF2874BA-029F-F11F-E32D-8A0901FA35B2}.Debug|Any CPU.ActiveCfg = Debug|Any CPU
		{DF2874BA-029F-F11F-E32D-8A0901FA35B2}.Debug|Any CPU.Build.0 = Debug|Any CPU
		{DF2874BA-029F-F11F-E32D-8A0901FA35B2}.Release|Any CPU.ActiveCfg = Release|Any CPU
		{DF2874BA-029F-F11F-E32D-8A0901FA35B2}.Release|Any CPU.Build.0 = Release|Any CPU
	EndGlobalSection
	GlobalSection(SolutionProperties) = preSolution
		HideSolutionNode = FALSE
	EndGlobalSection
EndGlobal
